
Microsoft Visual Studio Solution File, Format Version 12.00
# Visual Studio Version 17
VisualStudioVersion = 17.3.32825.248
MinimumVisualStudioVersion = 10.0.40219.1
Project("{9A19103F-16F7-4668-BE54-9A1E7A4F7556}") = "selected_tasks_windowsforms_checkpassword", "winforms_checkpassword\selected_tasks_windowsforms_checkpassword.csproj", "{19C6068F-4717-4B78-B173-7AE189F0D7E7}"
EndProject
Global
	GlobalSection(SolutionConfigurationPlatforms) = preSolution
		Debug|Any CPU = Debug|Any CPU
		Release|Any CPU = Release|Any CPU
	EndGlobalSection
	GlobalSection(ProjectConfigurationPlatforms) = postSolution
		{19C6068F-4717-4B78-B173-7AE189F0D7E7}.Debug|Any CPU.ActiveCfg = Debug|Any CPU
		{19C6068F-4717-4B78-B173-7AE189F0D7E7}.Debug|Any CPU.Build.0 = Debug|Any CPU
		{19C6068F-4717-4B78-B173-7AE189F0D7E7}.Release|Any CPU.ActiveCfg = Release|Any CPU
		{19C6068F-4717-4B78-B173-7AE189F0D7E7}.Release|Any CPU.Build.0 = Release|Any CPU
	EndGlobalSection
	GlobalSection(SolutionProperties) = preSolution
		HideSolutionNode = FALSE
	EndGlobalSection
	GlobalSection(ExtensibilityGlobals) = postSolution
		SolutionGuid = {81480B4A-A184-41EF-AF36-48E17C77E696}
	EndGlobalSection
EndGlobal
